// !$*UTF8*$!
{
	archiveVersion = 1;
	classes = {
	};
	objectVersion = 56;
	objects = {

/* Begin PBXBuildFile section */
		8043604429B2348B00480A81 /* ScrumDingerApp.swift in Sources */ = {isa = PBXBuildFile; fileRef = 8043604329B2348B00480A81 /* ScrumDingerApp.swift */; };
		8043604629B2348B00480A81 /* MeetingView.swift in Sources */ = {isa = PBXBuildFile; fileRef = 8043604529B2348B00480A81 /* MeetingView.swift */; };
		8043604829B2348C00480A81 /* Assets.xcassets in Resources */ = {isa = PBXBuildFile; fileRef = 8043604729B2348C00480A81 /* Assets.xcassets */; };
		8043604B29B2348C00480A81 /* Preview Assets.xcassets in Resources */ = {isa = PBXBuildFile; fileRef = 8043604A29B2348C00480A81 /* Preview Assets.xcassets */; };
		8043605529B2348D00480A81 /* ScrumDingerTests.swift in Sources */ = {isa = PBXBuildFile; fileRef = 8043605429B2348D00480A81 /* ScrumDingerTests.swift */; };
		8043605F29B2348D00480A81 /* ScrumDingerUITests.swift in Sources */ = {isa = PBXBuildFile; fileRef = 8043605E29B2348D00480A81 /* ScrumDingerUITests.swift */; };
		8043606129B2348D00480A81 /* ScrumDingerUITestsLaunchTests.swift in Sources */ = {isa = PBXBuildFile; fileRef = 8043606029B2348D00480A81 /* ScrumDingerUITestsLaunchTests.swift */; };
/* End PBXBuildFile section */

/* Begin PBXContainerItemProxy section */
		8043605129B2348D00480A81 /* PBXContainerItemProxy */ = {
			isa = PBXContainerItemProxy;
			containerPortal = 8043603829B2348B00480A81 /* Project object */;
			proxyType = 1;
			remoteGlobalIDString = 8043603F29B2348B00480A81;
			remoteInfo = ScrumDinger;
		};
		8043605B29B2348D00480A81 /* PBXContainerItemProxy */ = {
			isa = PBXContainerItemProxy;
			containerPortal = 8043603829B2348B00480A81 /* Project object */;
			proxyType = 1;
			remoteGlobalIDString = 8043603F29B2348B00480A81;
			remoteInfo = ScrumDinger;
		};
/* End PBXContainerItemProxy section */

/* Begin PBXFileReference section */
		8043604029B2348B00480A81 /* ScrumDinger.app */ = {isa = PBXFileReference; explicitFileType = wrapper.application; includeInIndex = 0; path = ScrumDinger.app; sourceTree = BUILT_PRODUCTS_DIR; };
		8043604329B2348B00480A81 /* ScrumDingerApp.swift */ = {isa = PBXFileReference; lastKnownFileType = sourcecode.swift; path = ScrumDingerApp.swift; sourceTree = "<group>"; };
		8043604529B2348B00480A81 /* MeetingView.swift */ = {isa = PBXFileReference; lastKnownFileType = sourcecode.swift; path = MeetingView.swift; sourceTree = "<group>"; };
		8043604729B2348C00480A81 /* Assets.xcassets */ = {isa = PBXFileReference; lastKnownFileType = folder.assetcatalog; path = Assets.xcassets; sourceTree = "<group>"; };
		8043604A29B2348C00480A81 /* Preview Assets.xcassets */ = {isa = PBXFileReference; lastKnownFileType = folder.assetcatalog; path = "Preview Assets.xcassets"; sourceTree = "<group>"; };
		8043605029B2348D00480A81 /* ScrumDingerTests.xctest */ = {isa = PBXFileReference; explicitFileType = wrapper.cfbundle; includeInIndex = 0; path = ScrumDingerTests.xctest; sourceTree = BUILT_PRODUCTS_DIR; };
		8043605429B2348D00480A81 /* ScrumDingerTests.swift */ = {isa = PBXFileReference; lastKnownFileType = sourcecode.swift; path = ScrumDingerTests.swift; sourceTree = "<group>"; };
		8043605A29B2348D00480A81 /* ScrumDingerUITests.xctest */ = {isa = PBXFileReference; explicitFileType = wrapper.cfbundle; includeInIndex = 0; path = ScrumDingerUITests.xctest; sourceTree = BUILT_PRODUCTS_DIR; };
		8043605E29B2348D00480A81 /* ScrumDingerUITests.swift */ = {isa = PBXFileReference; lastKnownFileType = sourcecode.swift; path = ScrumDingerUITests.swift; sourceTree = "<group>"; };
		8043606029B2348D00480A81 /* ScrumDingerUITestsLaunchTests.swift */ = {isa = PBXFileReference; lastKnownFileType = sourcecode.swift; path = ScrumDingerUITestsLaunchTests.swift; sourceTree = "<group>"; };
/* End PBXFileReference section */

/* Begin PBXFrameworksBuildPhase section */
		8043603D29B2348B00480A81 /* Frameworks */ = {
			isa = PBXFrameworksBuildPhase;
			buildActionMask = 2147483647;
			files = (
			);
			runOnlyForDeploymentPostprocessing = 0;
		};
		8043604D29B2348D00480A81 /* Frameworks */ = {
			isa = PBXFrameworksBuildPhase;
			buildActionMask = 2147483647;
			files = (
			);
			runOnlyForDeploymentPostprocessing = 0;
		};
		8043605729B2348D00480A81 /* Frameworks */ = {
			isa = PBXFrameworksBuildPhase;
			buildActionMask = 2147483647;
			files = (
			);
			runOnlyForDeploymentPostprocessing = 0;
		};
/* End PBXFrameworksBuildPhase section */

/* Begin PBXGroup section */
		8043603729B2348B00480A81 = {
			isa = PBXGroup;
			children = (
				8043604229B2348B00480A81 /* ScrumDinger */,
				8043605329B2348D00480A81 /* ScrumDingerTests */,
				8043605D29B2348D00480A81 /* ScrumDingerUITests */,
				8043604129B2348B00480A81 /* Products */,
			);
			sourceTree = "<group>";
		};
		8043604129B2348B00480A81 /* Products */ = {
			isa = PBXGroup;
			children = (
				8043604029B2348B00480A81 /* ScrumDinger.app */,
				8043605029B2348D00480A81 /* ScrumDingerTests.xctest */,
				8043605A29B2348D00480A81 /* ScrumDingerUITests.xctest */,
			);
			name = Products;
			sourceTree = "<group>";
		};
		8043604229B2348B00480A81 /* ScrumDinger */ = {
			isa = PBXGroup;
			children = (
				8043604329B2348B00480A81 /* ScrumDingerApp.swift */,
				8043604529B2348B00480A81 /* MeetingView.swift */,
				8043604729B2348C00480A81 /* Assets.xcassets */,
				8043604929B2348C00480A81 /* Preview Content */,
			);
			path = ScrumDinger;
			sourceTree = "<group>";
		};
		8043604929B2348C00480A81 /* Preview Content */ = {
			isa = PBXGroup;
			children = (
				8043604A29B2348C00480A81 /* Preview Assets.xcassets */,
			);
			path = "Preview Content";
			sourceTree = "<group>";
		};
		8043605329B2348D00480A81 /* ScrumDingerTests */ = {
			isa = PBXGroup;
			children = (
				8043605429B2348D00480A81 /* ScrumDingerTests.swift */,
			);
			path = ScrumDingerTests;
			sourceTree = "<group>";
		};
		8043605D29B2348D00480A81 /* ScrumDingerUITests */ = {
			isa = PBXGroup;
			children = (
				8043605E29B2348D00480A81 /* ScrumDingerUITests.swift */,
				8043606029B2348D00480A81 /* ScrumDingerUITestsLaunchTests.swift */,
			);
			path = ScrumDingerUITests;
			sourceTree = "<group>";
		};
/* End PBXGroup section */

/* Begin PBXNativeTarget section */
		8043603F29B2348B00480A81 /* ScrumDinger */ = {
			isa = PBXNativeTarget;
			buildConfigurationList = 8043606429B2348D00480A81 /* Build configuration list for PBXNativeTarget "ScrumDinger" */;
			buildPhases = (
				8043603C29B2348B00480A81 /* Sources */,
				8043603D29B2348B00480A81 /* Frameworks */,
				8043603E29B2348B00480A81 /* Resources */,
			);
			buildRules = (
			);
			dependencies = (
			);
			name = ScrumDinger;
			productName = ScrumDinger;
			productReference = 8043604029B2348B00480A81 /* ScrumDinger.app */;
			productType = "com.apple.product-type.application";
		};
		8043604F29B2348D00480A81 /* ScrumDingerTests */ = {
			isa = PBXNativeTarget;
			buildConfigurationList = 8043606729B2348D00480A81 /* Build configuration list for PBXNativeTarget "ScrumDingerTests" */;
			buildPhases = (
				8043604C29B2348D00480A81 /* Sources */,
				8043604D29B2348D00480A81 /* Frameworks */,
				8043604E29B2348D00480A81 /* Resources */,
			);
			buildRules = (
			);
			dependencies = (
				8043605229B2348D00480A81 /* PBXTargetDependency */,
			);
			name = ScrumDingerTests;
			productName = ScrumDingerTests;
			productReference = 8043605029B2348D00480A81 /* ScrumDingerTests.xctest */;
			productType = "com.apple.product-type.bundle.unit-test";
		};
		8043605929B2348D00480A81 /* ScrumDingerUITests */ = {
			isa = PBXNativeTarget;
			buildConfigurationList = 8043606A29B2348D00480A81 /* Build configuration list for PBXNativeTarget "ScrumDingerUITests" */;
			buildPhases = (
				8043605629B2348D00480A81 /* Sources */,
				8043605729B2348D00480A81 /* Frameworks */,
				8043605829B2348D00480A81 /* Resources */,
			);
			buildRules = (
			);
			dependencies = (
				8043605C29B2348D00480A81 /* PBXTargetDependency */,
			);
			name = ScrumDingerUITests;
			productName = ScrumDingerUITests;
			productReference = 8043605A29B2348D00480A81 /* ScrumDingerUITests.xctest */;
			productType = "com.apple.product-type.bundle.ui-testing";
		};
/* End PBXNativeTarget section */

/* Begin PBXProject section */
		8043603829B2348B00480A81 /* Project object */ = {
			isa = PBXProject;
			attributes = {
				BuildIndependentTargetsInParallel = 1;
				LastSwiftUpdateCheck = 1420;
				LastUpgradeCheck = 1420;
				TargetAttributes = {
					8043603F29B2348B00480A81 = {
						CreatedOnToolsVersion = 14.2;
					};
					8043604F29B2348D00480A81 = {
						CreatedOnToolsVersion = 14.2;
						TestTargetID = 8043603F29B2348B00480A81;
					};
					8043605929B2348D00480A81 = {
						CreatedOnToolsVersion = 14.2;
						TestTargetID = 8043603F29B2348B00480A81;
					};
				};
			};
			buildConfigurationList = 8043603B29B2348B00480A81 /* Build configuration list for PBXProject "ScrumDinger" */;
			compatibilityVersion = "Xcode 14.0";
			developmentRegion = en;
			hasScannedForEncodings = 0;
			knownRegions = (
				en,
				Base,
			);
			mainGroup = 8043603729B2348B00480A81;
			productRefGroup = 8043604129B2348B00480A81 /* Products */;
			projectDirPath = "";
			projectRoot = "";
			targets = (
				8043603F29B2348B00480A81 /* ScrumDinger */,
				8043604F29B2348D00480A81 /* ScrumDingerTests */,
				8043605929B2348D00480A81 /* ScrumDingerUITests */,
			);
		};
/* End PBXProject section */

/* Begin PBXResourcesBuildPhase section */
		8043603E29B2348B00480A81 /* Resources */ = {
			isa = PBXResourcesBuildPhase;
			buildActionMask = 2147483647;
			files = (
				8043604B29B2348C00480A81 /* Preview Assets.xcassets in Resources */,
				8043604829B2348C00480A81 /* Assets.xcassets in Resources */,
			);
			runOnlyForDeploymentPostprocessing = 0;
		};
		8043604E29B2348D00480A81 /* Resources */ = {
			isa = PBXResourcesBuildPhase;
			buildActionMask = 2147483647;
			files = (
			);
			runOnlyForDeploymentPostprocessing = 0;
		};
		8043605829B2348D00480A81 /* Resources */ = {
			isa = PBXResourcesBuildPhase;
			buildActionMask = 2147483647;
			files = (
			);
			runOnlyForDeploymentPostprocessing = 0;
		};
/* End PBXResourcesBuildPhase section */

/* Begin PBXSourcesBuildPhase section */
		8043603C29B2348B00480A81 /* Sources */ = {
			isa = PBXSourcesBuildPhase;
			buildActionMask = 2147483647;
			files = (
				8043604629B2348B00480A81 /* MeetingView.swift in Sources */,
				8043604429B2348B00480A81 /* ScrumDingerApp.swift in Sources */,
			);
			runOnlyForDeploymentPostprocessing = 0;
		};
		8043604C29B2348D00480A81 /* Sources */ = {
			isa = PBXSourcesBuildPhase;
			buildActionMask = 2147483647;
			files = (
				8043605529B2348D00480A81 /* ScrumDingerTests.swift in Sources */,
			);
			runOnlyForDeploymentPostprocessing = 0;
		};
		8043605629B2348D00480A81 /* Sources */ = {
			isa = PBXSourcesBuildPhase;
			buildActionMask = 2147483647;
			files = (
				8043606129B2348D00480A81 /* ScrumDingerUITestsLaunchTests.swift in Sources */,
				8043605F29B2348D00480A81 /* ScrumDingerUITests.swift in Sources */,
			);
			runOnlyForDeploymentPostprocessing = 0;
		};
/* End PBXSourcesBuildPhase section */

/* Begin PBXTargetDependency section */
		8043605229B2348D00480A81 /* PBXTargetDependency */ = {
			isa = PBXTargetDependency;
			target = 8043603F29B2348B00480A81 /* ScrumDinger */;
			targetProxy = 8043605129B2348D00480A81 /* PBXContainerItemProxy */;
		};
		8043605C29B2348D00480A81 /* PBXTargetDependency */ = {
			isa = PBXTargetDependency;
			target = 8043603F29B2348B00480A81 /* ScrumDinger */;
			targetProxy = 8043605B29B2348D00480A81 /* PBXContainerItemProxy */;
		};
/* End PBXTargetDependency section */

/* Begin XCBuildConfiguration section */
		8043606229B2348D00480A81 /* Debug */ = {
			isa = XCBuildConfiguration;
			buildSettings = {
				ALWAYS_SEARCH_USER_PATHS = NO;
				CLANG_ANALYZER_NONNULL = YES;
				CLANG_ANALYZER_NUMBER_OBJECT_CONVERSION = YES_AGGRESSIVE;
				CLANG_CXX_LANGUAGE_STANDARD = "gnu++20";
				CLANG_ENABLE_MODULES = YES;
				CLANG_ENABLE_OBJC_ARC = YES;
				CLANG_ENABLE_OBJC_WEAK = YES;
				CLANG_WARN_BLOCK_CAPTURE_AUTORELEASING = YES;
				CLANG_WARN_BOOL_CONVERSION = YES;
				CLANG_WARN_COMMA = YES;
				CLANG_WARN_CONSTANT_CONVERSION = YES;
				CLANG_WARN_DEPRECATED_OBJC_IMPLEMENTATIONS = YES;
				CLANG_WARN_DIRECT_OBJC_ISA_USAGE = YES_ERROR;
				CLANG_WARN_DOCUMENTATION_COMMENTS = YES;
				CLANG_WARN_EMPTY_BODY = YES;
				CLANG_WARN_ENUM_CONVERSION = YES;
				CLANG_WARN_INFINITE_RECURSION = YES;
				CLANG_WARN_INT_CONVERSION = YES;
				CLANG_WARN_NON_LITERAL_NULL_CONVERSION = YES;
				CLANG_WARN_OBJC_IMPLICIT_RETAIN_SELF = YES;
				CLANG_WARN_OBJC_LITERAL_CONVERSION = YES;
				CLANG_WARN_OBJC_ROOT_CLASS = YES_ERROR;
				CLANG_WARN_QUOTED_INCLUDE_IN_FRAMEWORK_HEADER = YES;
				CLANG_WARN_RANGE_LOOP_ANALYSIS = YES;
				CLANG_WARN_STRICT_PROTOTYPES = YES;
				CLANG_WARN_SUSPICIOUS_MOVE = YES;
				CLANG_WARN_UNGUARDED_AVAILABILITY = YES_AGGRESSIVE;
				CLANG_WARN_UNREACHABLE_CODE = YES;
				CLANG_WARN__DUPLICATE_METHOD_MATCH = YES;
				COPY_PHASE_STRIP = NO;
				DEBUG_INFORMATION_FORMAT = dwarf;
				ENABLE_STRICT_OBJC_MSGSEND = YES;
				ENABLE_TESTABILITY = YES;
				GCC_C_LANGUAGE_STANDARD = gnu11;
				GCC_DYNAMIC_NO_PIC = NO;
				GCC_NO_COMMON_BLOCKS = YES;
				GCC_OPTIMIZATION_LEVEL = 0;
				GCC_PREPROCESSOR_DEFINITIONS = (
					"DEBUG=1",
					"$(inherited)",
				);
				GCC_WARN_64_TO_32_BIT_CONVERSION = YES;
				GCC_WARN_ABOUT_RETURN_TYPE = YES_ERROR;
				GCC_WARN_UNDECLARED_SELECTOR = YES;
				GCC_WARN_UNINITIALIZED_AUTOS = YES_AGGRESSIVE;
				GCC_WARN_UNUSED_FUNCTION = YES;
				GCC_WARN_UNUSED_VARIABLE = YES;
				IPHONEOS_DEPLOYMENT_TARGET = 16.2;
				MTL_ENABLE_DEBUG_INFO = INCLUDE_SOURCE;
				MTL_FAST_MATH = YES;
				ONLY_ACTIVE_ARCH = YES;
				SDKROOT = iphoneos;
				SWIFT_ACTIVE_COMPILATION_CONDITIONS = DEBUG;
				SWIFT_OPTIMIZATION_LEVEL = "-Onone";
			};
			name = Debug;
		};
		8043606329B2348D00480A81 /* Release */ = {
			isa = XCBuildConfiguration;
			buildSettings = {
				ALWAYS_SEARCH_USER_PATHS = NO;
				CLANG_ANALYZER_NONNULL = YES;
				CLANG_ANALYZER_NUMBER_OBJECT_CONVERSION = YES_AGGRESSIVE;
				CLANG_CXX_LANGUAGE_STANDARD = "gnu++20";
				CLANG_ENABLE_MODULES = YES;
				CLANG_ENABLE_OBJC_ARC = YES;
				CLANG_ENABLE_OBJC_WEAK = YES;
				CLANG_WARN_BLOCK_CAPTURE_AUTORELEASING = YES;
				CLANG_WARN_BOOL_CONVERSION = YES;
				CLANG_WARN_COMMA = YES;
				CLANG_WARN_CONSTANT_CONVERSION = YES;
				CLANG_WARN_DEPRECATED_OBJC_IMPLEMENTATIONS = YES;
				CLANG_WARN_DIRECT_OBJC_ISA_USAGE = YES_ERROR;
				CLANG_WARN_DOCUMENTATION_COMMENTS = YES;
				CLANG_WARN_EMPTY_BODY = YES;
				CLANG_WARN_ENUM_CONVERSION = YES;
				CLANG_WARN_INFINITE_RECURSION = YES;
				CLANG_WARN_INT_CONVERSION = YES;
				CLANG_WARN_NON_LITERAL_NULL_CONVERSION = YES;
				CLANG_WARN_OBJC_IMPLICIT_RETAIN_SELF = YES;
				CLANG_WARN_OBJC_LITERAL_CONVERSION = YES;
				CLANG_WARN_OBJC_ROOT_CLASS = YES_ERROR;
				CLANG_WARN_QUOTED_INCLUDE_IN_FRAMEWORK_HEADER = YES;
				CLANG_WARN_RANGE_LOOP_ANALYSIS = YES;
				CLANG_WARN_STRICT_PROTOTYPES = YES;
				CLANG_WARN_SUSPICIOUS_MOVE = YES;
				CLANG_WARN_UNGUARDED_AVAILABILITY = YES_AGGRESSIVE;
				CLANG_WARN_UNREACHABLE_CODE = YES;
				CLANG_WARN__DUPLICATE_METHOD_MATCH = YES;
				COPY_PHASE_STRIP = NO;
				DEBUG_INFORMATION_FORMAT = "dwarf-with-dsym";
				ENABLE_NS_ASSERTIONS = NO;
				ENABLE_STRICT_OBJC_MSGSEND = YES;
				GCC_C_LANGUAGE_STANDARD = gnu11;
				GCC_NO_COMMON_BLOCKS = YES;
				GCC_WARN_64_TO_32_BIT_CONVERSION = YES;
				GCC_WARN_ABOUT_RETURN_TYPE = YES_ERROR;
				GCC_WARN_UNDECLARED_SELECTOR = YES;
				GCC_WARN_UNINITIALIZED_AUTOS = YES_AGGRESSIVE;
				GCC_WARN_UNUSED_FUNCTION = YES;
				GCC_WARN_UNUSED_VARIABLE = YES;
				IPHONEOS_DEPLOYMENT_TARGET = 16.2;
				MTL_ENABLE_DEBUG_INFO = NO;
				MTL_FAST_MATH = YES;
				SDKROOT = iphoneos;
				SWIFT_COMPILATION_MODE = wholemodule;
				SWIFT_OPTIMIZATION_LEVEL = "-O";
				VALIDATE_PRODUCT = YES;
			};
			name = Release;
		};
		8043606529B2348D00480A81 /* Debug */ = {
			isa = XCBuildConfiguration;
			buildSettings = {
				ASSETCATALOG_COMPILER_APPICON_NAME = AppIcon;
				ASSETCATALOG_COMPILER_GLOBAL_ACCENT_COLOR_NAME = AccentColor;
				CODE_SIGN_STYLE = Automatic;
				CURRENT_PROJECT_VERSION = 1;
				DEVELOPMENT_ASSET_PATHS = "\"ScrumDinger/Preview Content\"";
				ENABLE_PREVIEWS = YES;
				GENERATE_INFOPLIST_FILE = YES;
				INFOPLIST_KEY_UIApplicationSceneManifest_Generation = YES;
				INFOPLIST_KEY_UIApplicationSupportsIndirectInputEvents = YES;
				INFOPLIST_KEY_UILaunchScreen_Generation = YES;
				INFOPLIST_KEY_UISupportedInterfaceOrientations_iPad = "UIInterfaceOrientationPortrait UIInterfaceOrientationPortraitUpsideDown UIInterfaceOrientationLandscapeLeft UIInterfaceOrientationLandscapeRight";
				INFOPLIST_KEY_UISupportedInterfaceOrientations_iPhone = "UIInterfaceOrientationPortrait UIInterfaceOrientationLandscapeLeft UIInterfaceOrientationLandscapeRight";
				LD_RUNPATH_SEARCH_PATHS = (
					"$(inherited)",
					"@executable_path/Frameworks",
				);
				MARKETING_VERSION = 1.0;
				PRODUCT_BUNDLE_IDENTIFIER = com.ERS.ScrumDinger;
				PRODUCT_NAME = "$(TARGET_NAME)";
				SWIFT_EMIT_LOC_STRINGS = YES;
				SWIFT_VERSION = 5.0;
				TARGETED_DEVICE_FAMILY = "1,2";
			};
			name = Debug;
		};
		8043606629B2348D00480A81 /* Release */ = {
			isa = XCBuildConfiguration;
			buildSettings = {
				ASSETCATALOG_COMPILER_APPICON_NAME = AppIcon;
				ASSETCATALOG_COMPILER_GLOBAL_ACCENT_COLOR_NAME = AccentColor;
				CODE_SIGN_STYLE = Automatic;
				CURRENT_PROJECT_VERSION = 1;
				DEVELOPMENT_ASSET_PATHS = "\"ScrumDinger/Preview Content\"";
				ENABLE_PREVIEWS = YES;
				GENERATE_INFOPLIST_FILE = YES;
				INFOPLIST_KEY_UIApplicationSceneManifest_Generation = YES;
				INFOPLIST_KEY_UIApplicationSupportsIndirectInputEvents = YES;
				INFOPLIST_KEY_UILaunchScreen_Generation = YES;
				INFOPLIST_KEY_UISupportedInterfaceOrientations_iPad = "UIInterfaceOrientationPortrait UIInterfaceOrientationPortraitUpsideDown UIInterfaceOrientationLandscapeLeft UIInterfaceOrientationLandscapeRight";
				INFOPLIST_KEY_UISupportedInterfaceOrientations_iPhone = "UIInterfaceOrientationPortrait UIInterfaceOrientationLandscapeLeft UIInterfaceOrientationLandscapeRight";
				LD_RUNPATH_SEARCH_PATHS = (
					"$(inherited)",
					"@executable_path/Frameworks",
				);
				MARKETING_VERSION = 1.0;
				PRODUCT_BUNDLE_IDENTIFIER = com.ERS.ScrumDinger;
				PRODUCT_NAME = "$(TARGET_NAME)";
				SWIFT_EMIT_LOC_STRINGS = YES;
				SWIFT_VERSION = 5.0;
				TARGETED_DEVICE_FAMILY = "1,2";
			};
			name = Release;
		};
		8043606829B2348D00480A81 /* Debug */ = {
			isa = XCBuildConfiguration;
			buildSettings = {
				ALWAYS_EMBED_SWIFT_STANDARD_LIBRARIES = YES;
				BUNDLE_LOADER = "$(TEST_HOST)";
				CODE_SIGN_STYLE = Automatic;
				CURRENT_PROJECT_VERSION = 1;
				GENERATE_INFOPLIST_FILE = YES;
				IPHONEOS_DEPLOYMENT_TARGET = 16.2;
				MARKETING_VERSION = 1.0;
				PRODUCT_BUNDLE_IDENTIFIER = com.ERS.ScrumDingerTests;
				PRODUCT_NAME = "$(TARGET_NAME)";
				SWIFT_EMIT_LOC_STRINGS = NO;
				SWIFT_VERSION = 5.0;
				TARGETED_DEVICE_FAMILY = "1,2";
				TEST_HOST = "$(BUILT_PRODUCTS_DIR)/ScrumDinger.app/$(BUNDLE_EXECUTABLE_FOLDER_PATH)/ScrumDinger";
			};
			name = Debug;
		};
		8043606929B2348D00480A81 /* Release */ = {
			isa = XCBuildConfiguration;
			buildSettings = {
				ALWAYS_EMBED_SWIFT_STANDARD_LIBRARIES = YES;
				BUNDLE_LOADER = "$(TEST_HOST)";
				CODE_SIGN_STYLE = Automatic;
				CURRENT_PROJECT_VERSION = 1;
				GENERATE_INFOPLIST_FILE = YES;
				IPHONEOS_DEPLOYMENT_TARGET = 16.2;
				MARKETING_VERSION = 1.0;
				PRODUCT_BUNDLE_IDENTIFIER = com.ERS.ScrumDingerTests;
				PRODUCT_NAME = "$(TARGET_NAME)";
				SWIFT_EMIT_LOC_STRINGS = NO;
				SWIFT_VERSION = 5.0;
				TARGETED_DEVICE_FAMILY = "1,2";
				TEST_HOST = "$(BUILT_PRODUCTS_DIR)/ScrumDinger.app/$(BUNDLE_EXECUTABLE_FOLDER_PATH)/ScrumDinger";
			};
			name = Release;
		};
		8043606B29B2348D00480A81 /* Debug */ = {
			isa = XCBuildConfiguration;
			buildSettings = {
				ALWAYS_EMBED_SWIFT_STANDARD_LIBRARIES = YES;
				CODE_SIGN_STYLE = Automatic;
				CURRENT_PROJECT_VERSION = 1;
				GENERATE_INFOPLIST_FILE = YES;
				MARKETING_VERSION = 1.0;
				PRODUCT_BUNDLE_IDENTIFIER = com.ERS.ScrumDingerUITests;
				PRODUCT_NAME = "$(TARGET_NAME)";
				SWIFT_EMIT_LOC_STRINGS = NO;
				SWIFT_VERSION = 5.0;
				TARGETED_DEVICE_FAMILY = "1,2";
				TEST_TARGET_NAME = ScrumDinger;
			};
			name = Debug;
		};
		8043606C29B2348D00480A81 /* Release */ = {
			isa = XCBuildConfiguration;
			buildSettings = {
				ALWAYS_EMBED_SWIFT_STANDARD_LIBRARIES = YES;
				CODE_SIGN_STYLE = Automatic;
				CURRENT_PROJECT_VERSION = 1;
				GENERATE_INFOPLIST_FILE = YES;
				MARKETING_VERSION = 1.0;
				PRODUCT_BUNDLE_IDENTIFIER = com.ERS.ScrumDingerUITests;
				PRODUCT_NAME = "$(TARGET_NAME)";
				SWIFT_EMIT_LOC_STRINGS = NO;
				SWIFT_VERSION = 5.0;
				TARGETED_DEVICE_FAMILY = "1,2";
				TEST_TARGET_NAME = ScrumDinger;
			};
			name = Release;
		};
/* End XCBuildConfiguration section */

/* Begin XCConfigurationList section */
		8043603B29B2348B00480A81 /* Build configuration list for PBXProject "ScrumDinger" */ = {
			isa = XCConfigurationList;
			buildConfigurations = (
				8043606229B2348D00480A81 /* Debug */,
				8043606329B2348D00480A81 /* Release */,
			);
			defaultConfigurationIsVisible = 0;
			defaultConfigurationName = Release;
		};
		8043606429B2348D00480A81 /* Build configuration list for PBXNativeTarget "ScrumDinger" */ = {
			isa = XCConfigurationList;
			buildConfigurations = (
				8043606529B2348D00480A81 /* Debug */,
				8043606629B2348D00480A81 /* Release */,
			);
			defaultConfigurationIsVisible = 0;
			defaultConfigurationName = Release;
		};
		8043606729B2348D00480A81 /* Build configuration list for PBXNativeTarget "ScrumDingerTests" */ = {
			isa = XCConfigurationList;
			buildConfigurations = (
				8043606829B2348D00480A81 /* Debug */,
				8043606929B2348D00480A81 /* Release */,
			);
			defaultConfigurationIsVisible = 0;
			defaultConfigurationName = Release;
		};
		8043606A29B2348D00480A81 /* Build configuration list for PBXNativeTarget "ScrumDingerUITests" */ = {
			isa = XCConfigurationList;
			buildConfigurations = (
				8043606B29B2348D00480A81 /* Debug */,
				8043606C29B2348D00480A81 /* Release */,
			);
			defaultConfigurationIsVisible = 0;
			defaultConfigurationName = Release;
		};
/* End XCConfigurationList section */
	};
	rootObject = 8043603829B2348B00480A81 /* Project object */;
}
